
Microsoft Visual Studio Solution File, Format Version 12.00
# Visual Studio Version 16
VisualStudioVersion = 16.0.29509.3
MinimumVisualStudioVersion = 10.0.40219.1
Project("{FAE04EC0-301F-11D3-BF4B-00C04F79EFBC}") = "Lab3", "Lab3.csproj", "{529584C4-58E3-455C-A268-F7111186DF91}"
EndProject
Project("{FAE04EC0-301F-11D3-BF4B-00C04F79EFBC}") = "TestDom", "..\TestDom\TestDom.csproj", "{3FD480D1-ECBB-444D-BABF-DF093A5F50C3}"
EndProject
Project("{FAE04EC0-301F-11D3-BF4B-00C04F79EFBC}") = "TestSax", "..\TestSax\TestSax.csproj", "{4DFA6D80-37A6-4E69-9F9B-5E707D9B1CB3}"
EndProject
Global
	GlobalSection(SolutionConfigurationPlatforms) = preSolution
		Debug|Any CPU = Debug|Any CPU
		Release|Any CPU = Release|Any CPU
	EndGlobalSection
	GlobalSection(ProjectConfigurationPlatforms) = postSolution
		{529584C4-58E3-455C-A268-F7111186DF91}.Debug|Any CPU.ActiveCfg = Debug|Any CPU
		{529584C4-58E3-455C-A268-F7111186DF91}.Debug|Any CPU.Build.0 = Debug|Any CPU
		{529584C4-58E3-455C-A268-F7111186DF91}.Release|Any CPU.ActiveCfg = Release|Any CPU
		{529584C4-58E3-455C-A268-F7111186DF91}.Release|Any CPU.Build.0 = Release|Any CPU
		{3FD480D1-ECBB-444D-BABF-DF093A5F50C3}.Debug|Any CPU.ActiveCfg = Debug|Any CPU
		{3FD480D1-ECBB-444D-BABF-DF093A5F50C3}.Debug|Any CPU.Build.0 = Debug|Any CPU
		{3FD480D1-ECBB-444D-BABF-DF093A5F50C3}.Release|Any CPU.ActiveCfg = Release|Any CPU
		{3FD480D1-ECBB-444D-BABF-DF093A5F50C3}.Release|Any CPU.Build.0 = Release|Any CPU
		{4DFA6D80-37A6-4E69-9F9B-5E707D9B1CB3}.Debug|Any CPU.ActiveCfg = Debug|Any CPU
		{4DFA6D80-37A6-4E69-9F9B-5E707D9B1CB3}.Debug|Any CPU.Build.0 = Debug|Any CPU
		{4DFA6D80-37A6-4E69-9F9B-5E707D9B1CB3}.Release|Any CPU.ActiveCfg = Release|Any CPU
		{4DFA6D80-37A6-4E69-9F9B-5E707D9B1CB3}.Release|Any CPU.Build.0 = Release|Any CPU
	EndGlobalSection
	GlobalSection(SolutionProperties) = preSolution
		HideSolutionNode = FALSE
	EndGlobalSection
	GlobalSection(ExtensibilityGlobals) = postSolution
		SolutionGuid = {68EDFC91-2C80-4FE6-A515-03ABD7A9407A}
	EndGlobalSection
EndGlobal
